
Microsoft Visual Studio Solution File, Format Version 11.00
# Visual Studio 2010
# SharpDevelop 5.1
Project("{FAE04EC0-301F-11D3-BF4B-00C04F79EFBC}") = "FMUX_arduino-CAN_Serial", "FMUX_arduino-CAN_Serial\FMUX_arduino-CAN_Serial.csproj", "{ED0FCCB7-BE35-4B2F-BF23-DE9ADA47CE03}"
EndProject
Global
	GlobalSection(SolutionConfigurationPlatforms) = preSolution
		Debug|Any CPU = Debug|Any CPU
		Release|Any CPU = Release|Any CPU
	EndGlobalSection
	GlobalSection(ProjectConfigurationPlatforms) = postSolution
		{ED0FCCB7-BE35-4B2F-BF23-DE9ADA47CE03}.Debug|Any CPU.ActiveCfg = Debug|Any CPU
		{ED0FCCB7-BE35-4B2F-BF23-DE9ADA47CE03}.Debug|Any CPU.Build.0 = Debug|Any CPU
		{ED0FCCB7-BE35-4B2F-BF23-DE9ADA47CE03}.Release|Any CPU.ActiveCfg = Release|Any CPU
		{ED0FCCB7-BE35-4B2F-BF23-DE9ADA47CE03}.Release|Any CPU.Build.0 = Release|Any CPU
	EndGlobalSection
EndGlobal
